
Microsoft Visual Studio Solution File, Format Version 12.00
Project("{2150E333-8FDC-42A3-9474-1A3956D46DE8}") = "Backend", "Backend", "{BE20A18C-28AD-4834-9901-9EB3389202AD}"
EndProject
Project("{2150E333-8FDC-42A3-9474-1A3956D46DE8}") = "Frontend", "Frontend", "{B09E5E4A-6E87-440C-B81E-C2944AAE1074}"
EndProject
Project("{2150E333-8FDC-42A3-9474-1A3956D46DE8}") = "TestApplication", "TestApplication", "{87ACEE79-C917-4D67-B416-D6A1824F922A}"
EndProject
Project("{FAE04EC0-301F-11D3-BF4B-00C04F79EFBC}") = "Renta.Toolkit", "Renta.Toolkit\Renta.Toolkit.csproj", "{DC3521FF-A412-4731-B064-9E3ABF02FD65}"
EndProject
Project("{FAE04EC0-301F-11D3-BF4B-00C04F79EFBC}") = "Renta.Extensions", "Renta.Extensions\Renta.Extensions.csproj", "{1788C0A3-1063-4E92-86D2-59E3095B0F80}"
EndProject
Project("{FAE04EC0-301F-11D3-BF4B-00C04F79EFBC}") = "Renta.TestApplication.WebUI", "Renta.TestApplication.WebUI\Renta.TestApplication.WebUI.csproj", "{02DF8D1E-4A39-46C8-9ACC-35334E45677A}"
EndProject
Project("{FAE04EC0-301F-11D3-BF4B-00C04F79EFBC}") = "Renta.TestApplication.WebUI.Server", "Renta.TestApplication.WebUI.Server\Renta.TestApplication.WebUI.Server.csproj", "{9CB2FDF1-E8C3-4E24-9E9A-7A283C48814D}"
EndProject
Project("{FAE04EC0-301F-11D3-BF4B-00C04F79EFBC}") = "Renta.TestApplication.Api.Server", "Renta.TestApplication.Api.Server\Renta.TestApplication.Api.Server.csproj", "{901B2AB3-586E-4957-9FBC-B5E8079FD6CF}"
EndProject
Project("{FAE04EC0-301F-11D3-BF4B-00C04F79EFBC}") = "Renta.TestApplication.Api.Common", "Renta.TestApplication.Api.Common\Renta.TestApplication.Api.Common.csproj", "{08BE8F4A-0A66-41A9-BCB3-DB5973A384E3}"
EndProject
Project("{FAE04EC0-301F-11D3-BF4B-00C04F79EFBC}") = "Renta.TestApplication.Db", "Renta.TestApplication.Db\Renta.TestApplication.Db.csproj", "{62FBB405-EA69-4950-9FF1-A8F2DAA1C50D}"
EndProject
Project("{FAE04EC0-301F-11D3-BF4B-00C04F79EFBC}") = "Renta.TestApplication.Common", "Renta.TestApplication.Common\Renta.TestApplication.Common.csproj", "{65EC578D-CEDE-433F-9B90-98D998713D47}"
EndProject
Global
	GlobalSection(SolutionConfigurationPlatforms) = preSolution
		Debug|Any CPU = Debug|Any CPU
		Release|Any CPU = Release|Any CPU
	EndGlobalSection
	GlobalSection(NestedProjects) = preSolution
		{DC3521FF-A412-4731-B064-9E3ABF02FD65} = {BE20A18C-28AD-4834-9901-9EB3389202AD}
		{1788C0A3-1063-4E92-86D2-59E3095B0F80} = {BE20A18C-28AD-4834-9901-9EB3389202AD}
		{02DF8D1E-4A39-46C8-9ACC-35334E45677A} = {87ACEE79-C917-4D67-B416-D6A1824F922A}
		{9CB2FDF1-E8C3-4E24-9E9A-7A283C48814D} = {87ACEE79-C917-4D67-B416-D6A1824F922A}
		{901B2AB3-586E-4957-9FBC-B5E8079FD6CF} = {87ACEE79-C917-4D67-B416-D6A1824F922A}
		{08BE8F4A-0A66-41A9-BCB3-DB5973A384E3} = {87ACEE79-C917-4D67-B416-D6A1824F922A}
		{62FBB405-EA69-4950-9FF1-A8F2DAA1C50D} = {87ACEE79-C917-4D67-B416-D6A1824F922A}
		{65EC578D-CEDE-433F-9B90-98D998713D47} = {87ACEE79-C917-4D67-B416-D6A1824F922A}
	EndGlobalSection
	GlobalSection(ProjectConfigurationPlatforms) = postSolution
		{DC3521FF-A412-4731-B064-9E3ABF02FD65}.Debug|Any CPU.ActiveCfg = Debug|Any CPU
		{DC3521FF-A412-4731-B064-9E3ABF02FD65}.Debug|Any CPU.Build.0 = Debug|Any CPU
		{DC3521FF-A412-4731-B064-9E3ABF02FD65}.Release|Any CPU.ActiveCfg = Release|Any CPU
		{DC3521FF-A412-4731-B064-9E3ABF02FD65}.Release|Any CPU.Build.0 = Release|Any CPU
		{1788C0A3-1063-4E92-86D2-59E3095B0F80}.Debug|Any CPU.ActiveCfg = Debug|Any CPU
		{1788C0A3-1063-4E92-86D2-59E3095B0F80}.Debug|Any CPU.Build.0 = Debug|Any CPU
		{1788C0A3-1063-4E92-86D2-59E3095B0F80}.Release|Any CPU.ActiveCfg = Release|Any CPU
		{1788C0A3-1063-4E92-86D2-59E3095B0F80}.Release|Any CPU.Build.0 = Release|Any CPU
		{02DF8D1E-4A39-46C8-9ACC-35334E45677A}.Debug|Any CPU.ActiveCfg = Debug|Any CPU
		{02DF8D1E-4A39-46C8-9ACC-35334E45677A}.Debug|Any CPU.Build.0 = Debug|Any CPU
		{02DF8D1E-4A39-46C8-9ACC-35334E45677A}.Release|Any CPU.ActiveCfg = Release|Any CPU
		{02DF8D1E-4A39-46C8-9ACC-35334E45677A}.Release|Any CPU.Build.0 = Release|Any CPU
		{9CB2FDF1-E8C3-4E24-9E9A-7A283C48814D}.Debug|Any CPU.ActiveCfg = Debug|Any CPU
		{9CB2FDF1-E8C3-4E24-9E9A-7A283C48814D}.Debug|Any CPU.Build.0 = Debug|Any CPU
		{9CB2FDF1-E8C3-4E24-9E9A-7A283C48814D}.Release|Any CPU.ActiveCfg = Release|Any CPU
		{9CB2FDF1-E8C3-4E24-9E9A-7A283C48814D}.Release|Any CPU.Build.0 = Release|Any CPU
		{901B2AB3-586E-4957-9FBC-B5E8079FD6CF}.Debug|Any CPU.ActiveCfg = Debug|Any CPU
		{901B2AB3-586E-4957-9FBC-B5E8079FD6CF}.Debug|Any CPU.Build.0 = Debug|Any CPU
		{901B2AB3-586E-4957-9FBC-B5E8079FD6CF}.Release|Any CPU.ActiveCfg = Release|Any CPU
		{901B2AB3-586E-4957-9FBC-B5E8079FD6CF}.Release|Any CPU.Build.0 = Release|Any CPU
		{08BE8F4A-0A66-41A9-BCB3-DB5973A384E3}.Debug|Any CPU.ActiveCfg = Debug|Any CPU
		{08BE8F4A-0A66-41A9-BCB3-DB5973A384E3}.Debug|Any CPU.Build.0 = Debug|Any CPU
		{08BE8F4A-0A66-41A9-BCB3-DB5973A384E3}.Release|Any CPU.ActiveCfg = Release|Any CPU
		{08BE8F4A-0A66-41A9-BCB3-DB5973A384E3}.Release|Any CPU.Build.0 = Release|Any CPU
		{62FBB405-EA69-4950-9FF1-A8F2DAA1C50D}.Debug|Any CPU.ActiveCfg = Debug|Any CPU
		{62FBB405-EA69-4950-9FF1-A8F2DAA1C50D}.Debug|Any CPU.Build.0 = Debug|Any CPU
		{62FBB405-EA69-4950-9FF1-A8F2DAA1C50D}.Release|Any CPU.ActiveCfg = Release|Any CPU
		{62FBB405-EA69-4950-9FF1-A8F2DAA1C50D}.Release|Any CPU.Build.0 = Release|Any CPU
		{65EC578D-CEDE-433F-9B90-98D998713D47}.Debug|Any CPU.ActiveCfg = Debug|Any CPU
		{65EC578D-CEDE-433F-9B90-98D998713D47}.Debug|Any CPU.Build.0 = Debug|Any CPU
		{65EC578D-CEDE-433F-9B90-98D998713D47}.Release|Any CPU.ActiveCfg = Release|Any CPU
		{65EC578D-CEDE-433F-9B90-98D998713D47}.Release|Any CPU.Build.0 = Release|Any CPU
	EndGlobalSection
EndGlobal
