
Microsoft Visual Studio Solution File, Format Version 12.00
Project("{2150E333-8FDC-42A3-9474-1A3956D46DE8}") = "Backend", "Backend", "{BE20A18C-28AD-4834-9901-9EB3389202AD}"
EndProject
Project("{2150E333-8FDC-42A3-9474-1A3956D46DE8}") = "Frontend", "Frontend", "{B09E5E4A-6E87-440C-B81E-C2944AAE1074}"
EndProject
Project("{2150E333-8FDC-42A3-9474-1A3956D46DE8}") = "TestApplication", "TestApplication", "{87ACEE79-C917-4D67-B416-D6A1824F922A}"
EndProject
Project("{FAE04EC0-301F-11D3-BF4B-00C04F79EFBC}") = "WeAre.Athenaeum.Toolkit", "WeAre.Athenaeum.Toolkit\WeAre.Athenaeum.Toolkit.csproj", "{DC3521FF-A412-4731-B064-9E3ABF02FD65}"
EndProject
Project("{FAE04EC0-301F-11D3-BF4B-00C04F79EFBC}") = "Renta.TestApplication.WebUI", "Renta.TestApplication.WebUI\Renta.TestApplication.WebUI.csproj", "{02DF8D1E-4A39-46C8-9ACC-35334E45677A}"
EndProject
Project("{FAE04EC0-301F-11D3-BF4B-00C04F79EFBC}") = "Renta.TestApplication.WebUI.Server", "Renta.TestApplication.WebUI.Server\Renta.TestApplication.WebUI.Server.csproj", "{9CB2FDF1-E8C3-4E24-9E9A-7A283C48814D}"
EndProject
Project("{FAE04EC0-301F-11D3-BF4B-00C04F79EFBC}") = "Renta.TestApplication.Api.Server", "Renta.TestApplication.Api.Server\Renta.TestApplication.Api.Server.csproj", "{901B2AB3-586E-4957-9FBC-B5E8079FD6CF}"
EndProject
Project("{FAE04EC0-301F-11D3-BF4B-00C04F79EFBC}") = "Renta.TestApplication.Api.Common", "Renta.TestApplication.Api.Common\Renta.TestApplication.Api.Common.csproj", "{08BE8F4A-0A66-41A9-BCB3-DB5973A384E3}"
EndProject
Project("{FAE04EC0-301F-11D3-BF4B-00C04F79EFBC}") = "Renta.TestApplication.Db", "Renta.TestApplication.Db\Renta.TestApplication.Db.csproj", "{62FBB405-EA69-4950-9FF1-A8F2DAA1C50D}"
EndProject
Project("{FAE04EC0-301F-11D3-BF4B-00C04F79EFBC}") = "Renta.TestApplication.Common", "Renta.TestApplication.Common\Renta.TestApplication.Common.csproj", "{65EC578D-CEDE-433F-9B90-98D998713D47}"
EndProject
Project("{FAE04EC0-301F-11D3-BF4B-00C04F79EFBC}") = "WeAre.Athenaeum.Toolkit.UnitTest", "WeAre.Athenaeum.Toolkit.UnitTest\WeAre.Athenaeum.Toolkit.UnitTest.csproj", "{0C6D3115-A7C7-4852-B8B4-397D05E8660E}"
EndProject
Project("{2150E333-8FDC-42A3-9474-1A3956D46DE8}") = "Tests", "Tests", "{F55C67D5-2FDD-4C70-8555-F65A80B07602}"
EndProject
Project("{FAE04EC0-301F-11D3-BF4B-00C04F79EFBC}") = "WeAre.Athenaeum.Common", "WeAre.Athenaeum.Common\WeAre.Athenaeum.Common.csproj", "{3F821D3E-19EE-4A30-9E09-2225109CB896}"
EndProject
Project("{FAE04EC0-301F-11D3-BF4B-00C04F79EFBC}") = "Renta.Apps.Common", "Renta.Apps.Common\Renta.Apps.Common.csproj", "{95355ABD-089F-4C8A-AC92-B8E3197614BF}"
EndProject
Project("{2150E333-8FDC-42A3-9474-1A3956D46DE8}") = "SolutionItems", "SolutionItems", "{8EED7979-F134-4043-A7C2-127AABB07996}"
ProjectSection(SolutionItems) = preProject
	bitbucket-pipelines.yml = bitbucket-pipelines.yml
	README.md = README.md
	environmentVariables.json = environmentVariables.json
EndProjectSection
EndProject
Project("{2150E333-8FDC-42A3-9474-1A3956D46DE8}") = "React", "React", "{73374FF9-71EC-44D9-8858-8459A65C2B89}"
EndProject
Project("{FAE04EC0-301F-11D3-BF4B-00C04F79EFBC}") = "WeAre.Athenaeum.React.Toolkit", "WeAre.Athenaeum.React.Toolkit\WeAre.Athenaeum.React.Toolkit.csproj", "{AFBB8B09-B4B5-4B5C-941B-09E48748D9E5}"
EndProject
Project("{2150E333-8FDC-42A3-9474-1A3956D46DE8}") = "Tools", "Tools", "{13C11342-8709-487B-A4DB-C6F3AB84B71E}"
EndProject
Project("{FAE04EC0-301F-11D3-BF4B-00C04F79EFBC}") = "WeAre.Athenaeum.Tools.CodeGenerator", "WeAre.Athenaeum.Tools.CodeGenerator\WeAre.Athenaeum.Tools.CodeGenerator.csproj", "{3D61BAF4-D28F-48D6-A041-C81D3DDD75BA}"
EndProject
Project("{FAE04EC0-301F-11D3-BF4B-00C04F79EFBC}") = "WeAre.Athenaeum.Services.Cache", "WeAre.Athenaeum.Services.Cache\WeAre.Athenaeum.Services.Cache.csproj", "{BF7661CF-74A9-4F56-A409-0885019C42C2}"
EndProject
Project("{FAE04EC0-301F-11D3-BF4B-00C04F79EFBC}") = "WeAre.Athenaeum.React.Common", "WeAre.Athenaeum.React.Common\WeAre.Athenaeum.React.Common.csproj", "{5F70B423-2AAD-4460-ADA4-957C39D487BF}"
EndProject
Project("{2150E333-8FDC-42A3-9474-1A3956D46DE8}") = "Documentation", "Documentation", "{DC4F1D2A-64B9-4DAE-A9A2-88C279EA4A01}"
ProjectSection(SolutionItems) = preProject
	Documentation\local.sh = Documentation\local.sh
	Documentation\index.html = Documentation\index.html
EndProjectSection
EndProject
Project("{FAE04EC0-301F-11D3-BF4B-00C04F79EFBC}") = "WeAre.Athenaeum.React.Components", "WeAre.Athenaeum.React.Components\WeAre.Athenaeum.React.Components.csproj", "{E2B9531C-76A9-4AE3-B577-F72CA1D4D290}"
EndProject
Project("{FAE04EC0-301F-11D3-BF4B-00C04F79EFBC}") = "WeAre.Athenaeum.React.Components.Localization", "WeAre.Athenaeum.React.Components.Localization\WeAre.Athenaeum.React.Components.Localization.csproj", "{B3E09CFA-1807-4260-A635-58911CEDC1B0}"
EndProject
Global
	GlobalSection(SolutionConfigurationPlatforms) = preSolution
		Debug|Any CPU = Debug|Any CPU
		Release|Any CPU = Release|Any CPU
	EndGlobalSection
	GlobalSection(NestedProjects) = preSolution
		{DC3521FF-A412-4731-B064-9E3ABF02FD65} = {BE20A18C-28AD-4834-9901-9EB3389202AD}
		{02DF8D1E-4A39-46C8-9ACC-35334E45677A} = {87ACEE79-C917-4D67-B416-D6A1824F922A}
		{9CB2FDF1-E8C3-4E24-9E9A-7A283C48814D} = {87ACEE79-C917-4D67-B416-D6A1824F922A}
		{901B2AB3-586E-4957-9FBC-B5E8079FD6CF} = {87ACEE79-C917-4D67-B416-D6A1824F922A}
		{08BE8F4A-0A66-41A9-BCB3-DB5973A384E3} = {87ACEE79-C917-4D67-B416-D6A1824F922A}
		{62FBB405-EA69-4950-9FF1-A8F2DAA1C50D} = {87ACEE79-C917-4D67-B416-D6A1824F922A}
		{65EC578D-CEDE-433F-9B90-98D998713D47} = {87ACEE79-C917-4D67-B416-D6A1824F922A}
		{0C6D3115-A7C7-4852-B8B4-397D05E8660E} = {F55C67D5-2FDD-4C70-8555-F65A80B07602}
		{3F821D3E-19EE-4A30-9E09-2225109CB896} = {BE20A18C-28AD-4834-9901-9EB3389202AD}
		{95355ABD-089F-4C8A-AC92-B8E3197614BF} = {BE20A18C-28AD-4834-9901-9EB3389202AD}
		{73374FF9-71EC-44D9-8858-8459A65C2B89} = {B09E5E4A-6E87-440C-B81E-C2944AAE1074}
		{AFBB8B09-B4B5-4B5C-941B-09E48748D9E5} = {73374FF9-71EC-44D9-8858-8459A65C2B89}
		{3D61BAF4-D28F-48D6-A041-C81D3DDD75BA} = {13C11342-8709-487B-A4DB-C6F3AB84B71E}
		{BF7661CF-74A9-4F56-A409-0885019C42C2} = {BE20A18C-28AD-4834-9901-9EB3389202AD}
		{5F70B423-2AAD-4460-ADA4-957C39D487BF} = {73374FF9-71EC-44D9-8858-8459A65C2B89}
		{E2B9531C-76A9-4AE3-B577-F72CA1D4D290} = {73374FF9-71EC-44D9-8858-8459A65C2B89}
		{B3E09CFA-1807-4260-A635-58911CEDC1B0} = {73374FF9-71EC-44D9-8858-8459A65C2B89}
	EndGlobalSection
	GlobalSection(ProjectConfigurationPlatforms) = postSolution
		{DC3521FF-A412-4731-B064-9E3ABF02FD65}.Debug|Any CPU.ActiveCfg = Debug|Any CPU
		{DC3521FF-A412-4731-B064-9E3ABF02FD65}.Debug|Any CPU.Build.0 = Debug|Any CPU
		{DC3521FF-A412-4731-B064-9E3ABF02FD65}.Release|Any CPU.ActiveCfg = Release|Any CPU
		{DC3521FF-A412-4731-B064-9E3ABF02FD65}.Release|Any CPU.Build.0 = Release|Any CPU
		{02DF8D1E-4A39-46C8-9ACC-35334E45677A}.Debug|Any CPU.ActiveCfg = Debug|Any CPU
		{02DF8D1E-4A39-46C8-9ACC-35334E45677A}.Debug|Any CPU.Build.0 = Debug|Any CPU
		{02DF8D1E-4A39-46C8-9ACC-35334E45677A}.Release|Any CPU.ActiveCfg = Release|Any CPU
		{02DF8D1E-4A39-46C8-9ACC-35334E45677A}.Release|Any CPU.Build.0 = Release|Any CPU
		{9CB2FDF1-E8C3-4E24-9E9A-7A283C48814D}.Debug|Any CPU.ActiveCfg = Debug|Any CPU
		{9CB2FDF1-E8C3-4E24-9E9A-7A283C48814D}.Debug|Any CPU.Build.0 = Debug|Any CPU
		{9CB2FDF1-E8C3-4E24-9E9A-7A283C48814D}.Release|Any CPU.ActiveCfg = Release|Any CPU
		{9CB2FDF1-E8C3-4E24-9E9A-7A283C48814D}.Release|Any CPU.Build.0 = Release|Any CPU
		{901B2AB3-586E-4957-9FBC-B5E8079FD6CF}.Debug|Any CPU.ActiveCfg = Debug|Any CPU
		{901B2AB3-586E-4957-9FBC-B5E8079FD6CF}.Debug|Any CPU.Build.0 = Debug|Any CPU
		{901B2AB3-586E-4957-9FBC-B5E8079FD6CF}.Release|Any CPU.ActiveCfg = Release|Any CPU
		{901B2AB3-586E-4957-9FBC-B5E8079FD6CF}.Release|Any CPU.Build.0 = Release|Any CPU
		{08BE8F4A-0A66-41A9-BCB3-DB5973A384E3}.Debug|Any CPU.ActiveCfg = Debug|Any CPU
		{08BE8F4A-0A66-41A9-BCB3-DB5973A384E3}.Debug|Any CPU.Build.0 = Debug|Any CPU
		{08BE8F4A-0A66-41A9-BCB3-DB5973A384E3}.Release|Any CPU.ActiveCfg = Release|Any CPU
		{08BE8F4A-0A66-41A9-BCB3-DB5973A384E3}.Release|Any CPU.Build.0 = Release|Any CPU
		{62FBB405-EA69-4950-9FF1-A8F2DAA1C50D}.Debug|Any CPU.ActiveCfg = Debug|Any CPU
		{62FBB405-EA69-4950-9FF1-A8F2DAA1C50D}.Debug|Any CPU.Build.0 = Debug|Any CPU
		{62FBB405-EA69-4950-9FF1-A8F2DAA1C50D}.Release|Any CPU.ActiveCfg = Release|Any CPU
		{62FBB405-EA69-4950-9FF1-A8F2DAA1C50D}.Release|Any CPU.Build.0 = Release|Any CPU
		{65EC578D-CEDE-433F-9B90-98D998713D47}.Debug|Any CPU.ActiveCfg = Debug|Any CPU
		{65EC578D-CEDE-433F-9B90-98D998713D47}.Debug|Any CPU.Build.0 = Debug|Any CPU
		{65EC578D-CEDE-433F-9B90-98D998713D47}.Release|Any CPU.ActiveCfg = Release|Any CPU
		{65EC578D-CEDE-433F-9B90-98D998713D47}.Release|Any CPU.Build.0 = Release|Any CPU
		{0C6D3115-A7C7-4852-B8B4-397D05E8660E}.Debug|Any CPU.ActiveCfg = Debug|Any CPU
		{0C6D3115-A7C7-4852-B8B4-397D05E8660E}.Debug|Any CPU.Build.0 = Debug|Any CPU
		{0C6D3115-A7C7-4852-B8B4-397D05E8660E}.Release|Any CPU.ActiveCfg = Release|Any CPU
		{0C6D3115-A7C7-4852-B8B4-397D05E8660E}.Release|Any CPU.Build.0 = Release|Any CPU
		{3F821D3E-19EE-4A30-9E09-2225109CB896}.Debug|Any CPU.ActiveCfg = Debug|Any CPU
		{3F821D3E-19EE-4A30-9E09-2225109CB896}.Debug|Any CPU.Build.0 = Debug|Any CPU
		{3F821D3E-19EE-4A30-9E09-2225109CB896}.Release|Any CPU.ActiveCfg = Release|Any CPU
		{3F821D3E-19EE-4A30-9E09-2225109CB896}.Release|Any CPU.Build.0 = Release|Any CPU
		{95355ABD-089F-4C8A-AC92-B8E3197614BF}.Debug|Any CPU.ActiveCfg = Debug|Any CPU
		{95355ABD-089F-4C8A-AC92-B8E3197614BF}.Debug|Any CPU.Build.0 = Debug|Any CPU
		{95355ABD-089F-4C8A-AC92-B8E3197614BF}.Release|Any CPU.ActiveCfg = Release|Any CPU
		{95355ABD-089F-4C8A-AC92-B8E3197614BF}.Release|Any CPU.Build.0 = Release|Any CPU
		{AFBB8B09-B4B5-4B5C-941B-09E48748D9E5}.Debug|Any CPU.ActiveCfg = Debug|Any CPU
		{AFBB8B09-B4B5-4B5C-941B-09E48748D9E5}.Debug|Any CPU.Build.0 = Debug|Any CPU
		{AFBB8B09-B4B5-4B5C-941B-09E48748D9E5}.Release|Any CPU.ActiveCfg = Release|Any CPU
		{AFBB8B09-B4B5-4B5C-941B-09E48748D9E5}.Release|Any CPU.Build.0 = Release|Any CPU
		{3D61BAF4-D28F-48D6-A041-C81D3DDD75BA}.Debug|Any CPU.ActiveCfg = Debug|Any CPU
		{3D61BAF4-D28F-48D6-A041-C81D3DDD75BA}.Debug|Any CPU.Build.0 = Debug|Any CPU
		{3D61BAF4-D28F-48D6-A041-C81D3DDD75BA}.Release|Any CPU.ActiveCfg = Release|Any CPU
		{3D61BAF4-D28F-48D6-A041-C81D3DDD75BA}.Release|Any CPU.Build.0 = Release|Any CPU
		{BF7661CF-74A9-4F56-A409-0885019C42C2}.Debug|Any CPU.ActiveCfg = Debug|Any CPU
		{BF7661CF-74A9-4F56-A409-0885019C42C2}.Debug|Any CPU.Build.0 = Debug|Any CPU
		{BF7661CF-74A9-4F56-A409-0885019C42C2}.Release|Any CPU.ActiveCfg = Release|Any CPU
		{BF7661CF-74A9-4F56-A409-0885019C42C2}.Release|Any CPU.Build.0 = Release|Any CPU
		{5F70B423-2AAD-4460-ADA4-957C39D487BF}.Debug|Any CPU.ActiveCfg = Debug|Any CPU
		{5F70B423-2AAD-4460-ADA4-957C39D487BF}.Debug|Any CPU.Build.0 = Debug|Any CPU
		{5F70B423-2AAD-4460-ADA4-957C39D487BF}.Release|Any CPU.ActiveCfg = Release|Any CPU
		{5F70B423-2AAD-4460-ADA4-957C39D487BF}.Release|Any CPU.Build.0 = Release|Any CPU
		{E2B9531C-76A9-4AE3-B577-F72CA1D4D290}.Debug|Any CPU.ActiveCfg = Debug|Any CPU
		{E2B9531C-76A9-4AE3-B577-F72CA1D4D290}.Debug|Any CPU.Build.0 = Debug|Any CPU
		{E2B9531C-76A9-4AE3-B577-F72CA1D4D290}.Release|Any CPU.ActiveCfg = Release|Any CPU
		{E2B9531C-76A9-4AE3-B577-F72CA1D4D290}.Release|Any CPU.Build.0 = Release|Any CPU
		{B3E09CFA-1807-4260-A635-58911CEDC1B0}.Debug|Any CPU.ActiveCfg = Debug|Any CPU
		{B3E09CFA-1807-4260-A635-58911CEDC1B0}.Debug|Any CPU.Build.0 = Debug|Any CPU
		{B3E09CFA-1807-4260-A635-58911CEDC1B0}.Release|Any CPU.ActiveCfg = Release|Any CPU
		{B3E09CFA-1807-4260-A635-58911CEDC1B0}.Release|Any CPU.Build.0 = Release|Any CPU
	EndGlobalSection
EndGlobal
