
Microsoft Visual Studio Solution File, Format Version 12.00
# Visual Studio Version 16
VisualStudioVersion = 16.0.30114.105
MinimumVisualStudioVersion = 10.0.40219.1
Project("{FAE04EC0-301F-11D3-BF4B-00C04F79EFBC}") = "WeAre.TestApplication.Api.Server", "WeAre.TestApplication.Api.Server\WeAre.TestApplication.Api.Server.csproj", "{FE755910-4238-4343-98F0-ABE85DBE2AF7}"
EndProject
Project("{FAE04EC0-301F-11D3-BF4B-00C04F79EFBC}") = "WeAre.TestApplication.WebUI", "WeAre.TestApplication.WebUI\WeAre.TestApplication.WebUI.csproj", "{1A1F2390-8BA8-4262-9894-A409CB7C4631}"
EndProject
Project("{FAE04EC0-301F-11D3-BF4B-00C04F79EFBC}") = "WeAre.ReApptor.Common", "WeAre.ReApptor.Common\WeAre.ReApptor.Common.csproj", "{619FB9B7-6AB4-418C-8BC5-C16F74E80A3B}"
EndProject
Project("{FAE04EC0-301F-11D3-BF4B-00C04F79EFBC}") = "WeAre.ReApptor.Tools.LocalizationCheck", "WeAre.ReApptor.Tools.LocalizationCheck\WeAre.ReApptor.Tools.LocalizationCheck.csproj", "{AC62E225-F993-4C9A-A109-3DEA06545BC3}"
EndProject
Project("{FAE04EC0-301F-11D3-BF4B-00C04F79EFBC}") = "WeAre.ReApptor.Toolkit", "WeAre.ReApptor.Toolkit\WeAre.ReApptor.Toolkit.csproj", "{28B56DF9-4F44-43E6-80C3-5D3516332CA3}"
EndProject
Project("{FAE04EC0-301F-11D3-BF4B-00C04F79EFBC}") = "WeAre.ReApptor.Services.Sms", "WeAre.ReApptor.Services.Sms\WeAre.ReApptor.Services.Sms.csproj", "{C1D343C7-7A04-4B12-84D9-DC70F7C2B7AE}"
EndProject
Project("{FAE04EC0-301F-11D3-BF4B-00C04F79EFBC}") = "WeAre.TestApplication.WebUI.Resources", "WeAre.TestApplication.WebUI.Resources\WeAre.TestApplication.WebUI.Resources.csproj", "{737DE776-19B8-40BA-9C3C-FE9CAB0D4D0C}"
EndProject
Project("{FAE04EC0-301F-11D3-BF4B-00C04F79EFBC}") = "WeAre.ReApptor.Tools.CodeGenerator", "WeAre.ReApptor.Tools.CodeGenerator\WeAre.ReApptor.Tools.CodeGenerator.csproj", "{0DA3D946-0FFF-447C-B5ED-DAB721CC5AB0}"
EndProject
Project("{FAE04EC0-301F-11D3-BF4B-00C04F79EFBC}") = "WeAre.ReApptor.Services.Cache", "WeAre.ReApptor.Services.Cache\WeAre.ReApptor.Services.Cache.csproj", "{677D29BE-48E0-4DEF-B042-F1A2868D1463}"
EndProject
Project("{FAE04EC0-301F-11D3-BF4B-00C04F79EFBC}") = "WeAre.TestApplication.Common", "WeAre.TestApplication.Common\WeAre.TestApplication.Common.csproj", "{EDF0642B-6971-4821-99E5-9A401F897192}"
EndProject
Project("{FAE04EC0-301F-11D3-BF4B-00C04F79EFBC}") = "WeAre.ReApptor.React.Components.Localization", "WeAre.ReApptor.React.Components.Localization\WeAre.ReApptor.React.Components.Localization.csproj", "{0ECB09A8-7749-4216-8A26-1EBDE78AEB40}"
EndProject
Project("{FAE04EC0-301F-11D3-BF4B-00C04F79EFBC}") = "WeAre.ReApptor.React.Components", "WeAre.ReApptor.React.Components\WeAre.ReApptor.React.Components.csproj", "{B2FFC258-441F-4B3D-9EB2-8B590D8B8A55}"
EndProject
Project("{FAE04EC0-301F-11D3-BF4B-00C04F79EFBC}") = "WeAre.ReApptor.React.Common", "WeAre.ReApptor.React.Common\WeAre.ReApptor.React.Common.csproj", "{6D3D3EE4-906E-40E6-AAF4-2064CDE65BCD}"
EndProject
Project("{FAE04EC0-301F-11D3-BF4B-00C04F79EFBC}") = "WeAre.ReApptor.Services.ACM", "WeAre.ReApptor.Services.ACM\WeAre.ReApptor.Services.ACM.csproj", "{41DCC962-1A86-4EA7-86B8-46C557B78CE9}"
EndProject
Project("{FAE04EC0-301F-11D3-BF4B-00C04F79EFBC}") = "WeAre.ReApptor.React.Toolkit", "WeAre.ReApptor.React.Toolkit\WeAre.ReApptor.React.Toolkit.csproj", "{5D790D72-B5D5-46E6-898E-D9071935A60C}"
EndProject
Project("{FAE04EC0-301F-11D3-BF4B-00C04F79EFBC}") = "WeAre.ReApptor.Services.UnitTest", "WeAre.ReApptor.Services.UnitTest\WeAre.ReApptor.Services.UnitTest.csproj", "{B7FD1B97-0D19-4034-8DCA-584A23F991E9}"
EndProject
Project("{FAE04EC0-301F-11D3-BF4B-00C04F79EFBC}") = "WeAre.TestApplication.Db", "WeAre.TestApplication.Db\WeAre.TestApplication.Db.csproj", "{E85F8440-E67D-495C-BBED-1020EC3CD8C9}"
EndProject
Project("{FAE04EC0-301F-11D3-BF4B-00C04F79EFBC}") = "WeAre.TestApplication.Api.Common", "WeAre.TestApplication.Api.Common\WeAre.TestApplication.Api.Common.csproj", "{8B1BECFC-CA2B-495F-ADD9-C43E3623FE7B}"
EndProject
Project("{FAE04EC0-301F-11D3-BF4B-00C04F79EFBC}") = "WeAre.TestApplication.WebUI.Server", "WeAre.TestApplication.WebUI.Server\WeAre.TestApplication.WebUI.Server.csproj", "{E721CF9D-9EF9-4AFE-9398-43C9447C038D}"
EndProject
Project("{FAE04EC0-301F-11D3-BF4B-00C04F79EFBC}") = "AwsPinpointSmsTestConsole", "AwsPinpointSmsTestConsole\AwsPinpointSmsTestConsole.csproj", "{236BD301-FB76-402A-98E9-0D617B77085F}"
EndProject
Project("{FAE04EC0-301F-11D3-BF4B-00C04F79EFBC}") = "WeAre.Apps.Common", "WeAre.Apps.Common\WeAre.Apps.Common.csproj", "{E80D1305-FD6B-4087-9817-2735E1FCB2CC}"
EndProject
Project("{2150E333-8FDC-42A3-9474-1A3956D46DE8}") = "Backend", "Backend", "{976E2BB2-518E-4EC2-B5D4-6326C9F553EC}"
EndProject
Project("{2150E333-8FDC-42A3-9474-1A3956D46DE8}") = "Documentation", "Documentation", "{FD3F6452-A5E5-420F-BB0B-C3B7DAB6F167}"
	ProjectSection(SolutionItems) = preProject
		Documentation\local.sh = Documentation\local.sh
		Documentation\index.html = Documentation\index.html
	EndProjectSection
EndProject
Project("{2150E333-8FDC-42A3-9474-1A3956D46DE8}") = "Frontend", "Frontend", "{88867216-9439-4B0D-B387-34467C95014A}"
EndProject
Project("{2150E333-8FDC-42A3-9474-1A3956D46DE8}") = "SolutionItems", "SolutionItems", "{AAF7EECB-0775-44D6-853E-15398A6AD73D}"
	ProjectSection(SolutionItems) = preProject
		bitbucket-pipelines.yml = bitbucket-pipelines.yml
		CHANGELOG.md = CHANGELOG.md
		README.md = README.md
		environmentVariables.json = environmentVariables.json
		nx.json = nx.json
		package.json = package.json
		tsconfig.base.json = tsconfig.base.json
		workspace.json = workspace.json
		post-install.cjs = post-install.cjs
		jest.preset.cjs = jest.preset.cjs
		extra-webpack.cjs = extra-webpack.cjs
		extra-rollup.cjs = extra-rollup.cjs
		babel.config.json = babel.config.json
	EndProjectSection
EndProject
Project("{2150E333-8FDC-42A3-9474-1A3956D46DE8}") = "TestApplication", "TestApplication", "{A06D1722-93C1-40F3-A18D-A054513E61B4}"
EndProject
Project("{2150E333-8FDC-42A3-9474-1A3956D46DE8}") = "Tests", "Tests", "{180EA7CA-4B41-432C-85C7-D16547B46924}"
EndProject
Project("{2150E333-8FDC-42A3-9474-1A3956D46DE8}") = "Tools", "Tools", "{3C6FD0A3-595A-4DA3-9262-DDC111683C33}"
EndProject
Project("{2150E333-8FDC-42A3-9474-1A3956D46DE8}") = "React", "React", "{289784E5-CD2B-409F-BA7F-BAD60A20F198}"
EndProject
Project("{FAE04EC0-301F-11D3-BF4B-00C04F79EFBC}") = "WeAre.ReApptor.Toolkit.UnitTest", "WeAre.ReApptor.Toolkit.UnitTest\WeAre.ReApptor.Toolkit.UnitTest.csproj", "{117BCF79-9014-423F-A717-F950526729B4}"
EndProject
Project("{2150E333-8FDC-42A3-9474-1A3956D46DE8}") = "TypeScript", "TypeScript", "{91105217-5D3F-44D1-888C-0C3C93DBF4F7}"
EndProject
Project("{FAE04EC0-301F-11D3-BF4B-00C04F79EFBC}") = "ReApptor.TypeScript.Linq", "ReApptor.TypeScript.Linq\ReApptor.TypeScript.Linq.csproj", "{A571DE4F-67CC-4369-85DA-224EC9949A86}"
EndProject
Project("{FAE04EC0-301F-11D3-BF4B-00C04F79EFBC}") = "ReApptor.TypeScript.PagedList", "ReApptor.TypeScript.PagedList\ReApptor.TypeScript.PagedList.csproj", "{DA1AC715-BF50-4BF7-B124-BB450F0073DB}"
EndProject
Global
	GlobalSection(SolutionConfigurationPlatforms) = preSolution
		Debug|Any CPU = Debug|Any CPU
		Release|Any CPU = Release|Any CPU
	EndGlobalSection
	GlobalSection(SolutionProperties) = preSolution
		HideSolutionNode = FALSE
	EndGlobalSection
	GlobalSection(ProjectConfigurationPlatforms) = postSolution
		{FE755910-4238-4343-98F0-ABE85DBE2AF7}.Debug|Any CPU.ActiveCfg = Debug|Any CPU
		{FE755910-4238-4343-98F0-ABE85DBE2AF7}.Debug|Any CPU.Build.0 = Debug|Any CPU
		{FE755910-4238-4343-98F0-ABE85DBE2AF7}.Release|Any CPU.ActiveCfg = Release|Any CPU
		{FE755910-4238-4343-98F0-ABE85DBE2AF7}.Release|Any CPU.Build.0 = Release|Any CPU
		{1A1F2390-8BA8-4262-9894-A409CB7C4631}.Debug|Any CPU.ActiveCfg = Debug|Any CPU
		{1A1F2390-8BA8-4262-9894-A409CB7C4631}.Debug|Any CPU.Build.0 = Debug|Any CPU
		{1A1F2390-8BA8-4262-9894-A409CB7C4631}.Release|Any CPU.ActiveCfg = Release|Any CPU
		{1A1F2390-8BA8-4262-9894-A409CB7C4631}.Release|Any CPU.Build.0 = Release|Any CPU
		{619FB9B7-6AB4-418C-8BC5-C16F74E80A3B}.Debug|Any CPU.ActiveCfg = Debug|Any CPU
		{619FB9B7-6AB4-418C-8BC5-C16F74E80A3B}.Debug|Any CPU.Build.0 = Debug|Any CPU
		{619FB9B7-6AB4-418C-8BC5-C16F74E80A3B}.Release|Any CPU.ActiveCfg = Release|Any CPU
		{619FB9B7-6AB4-418C-8BC5-C16F74E80A3B}.Release|Any CPU.Build.0 = Release|Any CPU
		{AC62E225-F993-4C9A-A109-3DEA06545BC3}.Debug|Any CPU.ActiveCfg = Debug|Any CPU
		{AC62E225-F993-4C9A-A109-3DEA06545BC3}.Debug|Any CPU.Build.0 = Debug|Any CPU
		{AC62E225-F993-4C9A-A109-3DEA06545BC3}.Release|Any CPU.ActiveCfg = Release|Any CPU
		{AC62E225-F993-4C9A-A109-3DEA06545BC3}.Release|Any CPU.Build.0 = Release|Any CPU
		{28B56DF9-4F44-43E6-80C3-5D3516332CA3}.Debug|Any CPU.ActiveCfg = Debug|Any CPU
		{28B56DF9-4F44-43E6-80C3-5D3516332CA3}.Debug|Any CPU.Build.0 = Debug|Any CPU
		{28B56DF9-4F44-43E6-80C3-5D3516332CA3}.Release|Any CPU.ActiveCfg = Release|Any CPU
		{28B56DF9-4F44-43E6-80C3-5D3516332CA3}.Release|Any CPU.Build.0 = Release|Any CPU
		{C1D343C7-7A04-4B12-84D9-DC70F7C2B7AE}.Debug|Any CPU.ActiveCfg = Debug|Any CPU
		{C1D343C7-7A04-4B12-84D9-DC70F7C2B7AE}.Debug|Any CPU.Build.0 = Debug|Any CPU
		{C1D343C7-7A04-4B12-84D9-DC70F7C2B7AE}.Release|Any CPU.ActiveCfg = Release|Any CPU
		{C1D343C7-7A04-4B12-84D9-DC70F7C2B7AE}.Release|Any CPU.Build.0 = Release|Any CPU
		{737DE776-19B8-40BA-9C3C-FE9CAB0D4D0C}.Debug|Any CPU.ActiveCfg = Debug|Any CPU
		{737DE776-19B8-40BA-9C3C-FE9CAB0D4D0C}.Debug|Any CPU.Build.0 = Debug|Any CPU
		{737DE776-19B8-40BA-9C3C-FE9CAB0D4D0C}.Release|Any CPU.ActiveCfg = Release|Any CPU
		{737DE776-19B8-40BA-9C3C-FE9CAB0D4D0C}.Release|Any CPU.Build.0 = Release|Any CPU
		{0DA3D946-0FFF-447C-B5ED-DAB721CC5AB0}.Debug|Any CPU.ActiveCfg = Debug|Any CPU
		{0DA3D946-0FFF-447C-B5ED-DAB721CC5AB0}.Debug|Any CPU.Build.0 = Debug|Any CPU
		{0DA3D946-0FFF-447C-B5ED-DAB721CC5AB0}.Release|Any CPU.ActiveCfg = Release|Any CPU
		{0DA3D946-0FFF-447C-B5ED-DAB721CC5AB0}.Release|Any CPU.Build.0 = Release|Any CPU
		{677D29BE-48E0-4DEF-B042-F1A2868D1463}.Debug|Any CPU.ActiveCfg = Debug|Any CPU
		{677D29BE-48E0-4DEF-B042-F1A2868D1463}.Debug|Any CPU.Build.0 = Debug|Any CPU
		{677D29BE-48E0-4DEF-B042-F1A2868D1463}.Release|Any CPU.ActiveCfg = Release|Any CPU
		{677D29BE-48E0-4DEF-B042-F1A2868D1463}.Release|Any CPU.Build.0 = Release|Any CPU
		{EDF0642B-6971-4821-99E5-9A401F897192}.Debug|Any CPU.ActiveCfg = Debug|Any CPU
		{EDF0642B-6971-4821-99E5-9A401F897192}.Debug|Any CPU.Build.0 = Debug|Any CPU
		{EDF0642B-6971-4821-99E5-9A401F897192}.Release|Any CPU.ActiveCfg = Release|Any CPU
		{EDF0642B-6971-4821-99E5-9A401F897192}.Release|Any CPU.Build.0 = Release|Any CPU
		{0ECB09A8-7749-4216-8A26-1EBDE78AEB40}.Debug|Any CPU.ActiveCfg = Debug|Any CPU
		{0ECB09A8-7749-4216-8A26-1EBDE78AEB40}.Debug|Any CPU.Build.0 = Debug|Any CPU
		{0ECB09A8-7749-4216-8A26-1EBDE78AEB40}.Release|Any CPU.ActiveCfg = Release|Any CPU
		{0ECB09A8-7749-4216-8A26-1EBDE78AEB40}.Release|Any CPU.Build.0 = Release|Any CPU
		{B2FFC258-441F-4B3D-9EB2-8B590D8B8A55}.Debug|Any CPU.ActiveCfg = Debug|Any CPU
		{B2FFC258-441F-4B3D-9EB2-8B590D8B8A55}.Debug|Any CPU.Build.0 = Debug|Any CPU
		{B2FFC258-441F-4B3D-9EB2-8B590D8B8A55}.Release|Any CPU.ActiveCfg = Release|Any CPU
		{B2FFC258-441F-4B3D-9EB2-8B590D8B8A55}.Release|Any CPU.Build.0 = Release|Any CPU
		{6D3D3EE4-906E-40E6-AAF4-2064CDE65BCD}.Debug|Any CPU.ActiveCfg = Debug|Any CPU
		{6D3D3EE4-906E-40E6-AAF4-2064CDE65BCD}.Debug|Any CPU.Build.0 = Debug|Any CPU
		{6D3D3EE4-906E-40E6-AAF4-2064CDE65BCD}.Release|Any CPU.ActiveCfg = Release|Any CPU
		{6D3D3EE4-906E-40E6-AAF4-2064CDE65BCD}.Release|Any CPU.Build.0 = Release|Any CPU
		{41DCC962-1A86-4EA7-86B8-46C557B78CE9}.Debug|Any CPU.ActiveCfg = Debug|Any CPU
		{41DCC962-1A86-4EA7-86B8-46C557B78CE9}.Debug|Any CPU.Build.0 = Debug|Any CPU
		{41DCC962-1A86-4EA7-86B8-46C557B78CE9}.Release|Any CPU.ActiveCfg = Release|Any CPU
		{41DCC962-1A86-4EA7-86B8-46C557B78CE9}.Release|Any CPU.Build.0 = Release|Any CPU
		{5D790D72-B5D5-46E6-898E-D9071935A60C}.Debug|Any CPU.ActiveCfg = Debug|Any CPU
		{5D790D72-B5D5-46E6-898E-D9071935A60C}.Debug|Any CPU.Build.0 = Debug|Any CPU
		{5D790D72-B5D5-46E6-898E-D9071935A60C}.Release|Any CPU.ActiveCfg = Release|Any CPU
		{5D790D72-B5D5-46E6-898E-D9071935A60C}.Release|Any CPU.Build.0 = Release|Any CPU
		{B7FD1B97-0D19-4034-8DCA-584A23F991E9}.Debug|Any CPU.ActiveCfg = Debug|Any CPU
		{B7FD1B97-0D19-4034-8DCA-584A23F991E9}.Debug|Any CPU.Build.0 = Debug|Any CPU
		{B7FD1B97-0D19-4034-8DCA-584A23F991E9}.Release|Any CPU.ActiveCfg = Release|Any CPU
		{B7FD1B97-0D19-4034-8DCA-584A23F991E9}.Release|Any CPU.Build.0 = Release|Any CPU
		{E85F8440-E67D-495C-BBED-1020EC3CD8C9}.Debug|Any CPU.ActiveCfg = Debug|Any CPU
		{E85F8440-E67D-495C-BBED-1020EC3CD8C9}.Debug|Any CPU.Build.0 = Debug|Any CPU
		{E85F8440-E67D-495C-BBED-1020EC3CD8C9}.Release|Any CPU.ActiveCfg = Release|Any CPU
		{E85F8440-E67D-495C-BBED-1020EC3CD8C9}.Release|Any CPU.Build.0 = Release|Any CPU
		{8B1BECFC-CA2B-495F-ADD9-C43E3623FE7B}.Debug|Any CPU.ActiveCfg = Debug|Any CPU
		{8B1BECFC-CA2B-495F-ADD9-C43E3623FE7B}.Debug|Any CPU.Build.0 = Debug|Any CPU
		{8B1BECFC-CA2B-495F-ADD9-C43E3623FE7B}.Release|Any CPU.ActiveCfg = Release|Any CPU
		{8B1BECFC-CA2B-495F-ADD9-C43E3623FE7B}.Release|Any CPU.Build.0 = Release|Any CPU
		{E721CF9D-9EF9-4AFE-9398-43C9447C038D}.Debug|Any CPU.ActiveCfg = Debug|Any CPU
		{E721CF9D-9EF9-4AFE-9398-43C9447C038D}.Debug|Any CPU.Build.0 = Debug|Any CPU
		{E721CF9D-9EF9-4AFE-9398-43C9447C038D}.Release|Any CPU.ActiveCfg = Release|Any CPU
		{E721CF9D-9EF9-4AFE-9398-43C9447C038D}.Release|Any CPU.Build.0 = Release|Any CPU
		{236BD301-FB76-402A-98E9-0D617B77085F}.Debug|Any CPU.ActiveCfg = Debug|Any CPU
		{236BD301-FB76-402A-98E9-0D617B77085F}.Debug|Any CPU.Build.0 = Debug|Any CPU
		{236BD301-FB76-402A-98E9-0D617B77085F}.Release|Any CPU.ActiveCfg = Release|Any CPU
		{236BD301-FB76-402A-98E9-0D617B77085F}.Release|Any CPU.Build.0 = Release|Any CPU
		{E80D1305-FD6B-4087-9817-2735E1FCB2CC}.Debug|Any CPU.ActiveCfg = Debug|Any CPU
		{E80D1305-FD6B-4087-9817-2735E1FCB2CC}.Debug|Any CPU.Build.0 = Debug|Any CPU
		{E80D1305-FD6B-4087-9817-2735E1FCB2CC}.Release|Any CPU.ActiveCfg = Release|Any CPU
		{E80D1305-FD6B-4087-9817-2735E1FCB2CC}.Release|Any CPU.Build.0 = Release|Any CPU
		{117BCF79-9014-423F-A717-F950526729B4}.Debug|Any CPU.ActiveCfg = Debug|Any CPU
		{117BCF79-9014-423F-A717-F950526729B4}.Debug|Any CPU.Build.0 = Debug|Any CPU
		{117BCF79-9014-423F-A717-F950526729B4}.Release|Any CPU.ActiveCfg = Release|Any CPU
		{117BCF79-9014-423F-A717-F950526729B4}.Release|Any CPU.Build.0 = Release|Any CPU
		{A571DE4F-67CC-4369-85DA-224EC9949A86}.Debug|Any CPU.ActiveCfg = Debug|Any CPU
		{A571DE4F-67CC-4369-85DA-224EC9949A86}.Debug|Any CPU.Build.0 = Debug|Any CPU
		{A571DE4F-67CC-4369-85DA-224EC9949A86}.Release|Any CPU.ActiveCfg = Release|Any CPU
		{A571DE4F-67CC-4369-85DA-224EC9949A86}.Release|Any CPU.Build.0 = Release|Any CPU
		{DA1AC715-BF50-4BF7-B124-BB450F0073DB}.Debug|Any CPU.ActiveCfg = Debug|Any CPU
		{DA1AC715-BF50-4BF7-B124-BB450F0073DB}.Debug|Any CPU.Build.0 = Debug|Any CPU
		{DA1AC715-BF50-4BF7-B124-BB450F0073DB}.Release|Any CPU.ActiveCfg = Release|Any CPU
		{DA1AC715-BF50-4BF7-B124-BB450F0073DB}.Release|Any CPU.Build.0 = Release|Any CPU
	EndGlobalSection
	GlobalSection(NestedProjects) = preSolution
		{236BD301-FB76-402A-98E9-0D617B77085F} = {3C6FD0A3-595A-4DA3-9262-DDC111683C33}
		{AC62E225-F993-4C9A-A109-3DEA06545BC3} = {3C6FD0A3-595A-4DA3-9262-DDC111683C33}
		{0DA3D946-0FFF-447C-B5ED-DAB721CC5AB0} = {3C6FD0A3-595A-4DA3-9262-DDC111683C33}
		{E80D1305-FD6B-4087-9817-2735E1FCB2CC} = {976E2BB2-518E-4EC2-B5D4-6326C9F553EC}
		{619FB9B7-6AB4-418C-8BC5-C16F74E80A3B} = {976E2BB2-518E-4EC2-B5D4-6326C9F553EC}
		{41DCC962-1A86-4EA7-86B8-46C557B78CE9} = {976E2BB2-518E-4EC2-B5D4-6326C9F553EC}
		{677D29BE-48E0-4DEF-B042-F1A2868D1463} = {976E2BB2-518E-4EC2-B5D4-6326C9F553EC}
		{C1D343C7-7A04-4B12-84D9-DC70F7C2B7AE} = {976E2BB2-518E-4EC2-B5D4-6326C9F553EC}
		{28B56DF9-4F44-43E6-80C3-5D3516332CA3} = {976E2BB2-518E-4EC2-B5D4-6326C9F553EC}
		{289784E5-CD2B-409F-BA7F-BAD60A20F198} = {88867216-9439-4B0D-B387-34467C95014A}
		{6D3D3EE4-906E-40E6-AAF4-2064CDE65BCD} = {289784E5-CD2B-409F-BA7F-BAD60A20F198}
		{B2FFC258-441F-4B3D-9EB2-8B590D8B8A55} = {289784E5-CD2B-409F-BA7F-BAD60A20F198}
		{0ECB09A8-7749-4216-8A26-1EBDE78AEB40} = {289784E5-CD2B-409F-BA7F-BAD60A20F198}
		{5D790D72-B5D5-46E6-898E-D9071935A60C} = {289784E5-CD2B-409F-BA7F-BAD60A20F198}
		{8B1BECFC-CA2B-495F-ADD9-C43E3623FE7B} = {A06D1722-93C1-40F3-A18D-A054513E61B4}
		{FE755910-4238-4343-98F0-ABE85DBE2AF7} = {A06D1722-93C1-40F3-A18D-A054513E61B4}
		{EDF0642B-6971-4821-99E5-9A401F897192} = {A06D1722-93C1-40F3-A18D-A054513E61B4}
		{E85F8440-E67D-495C-BBED-1020EC3CD8C9} = {A06D1722-93C1-40F3-A18D-A054513E61B4}
		{1A1F2390-8BA8-4262-9894-A409CB7C4631} = {A06D1722-93C1-40F3-A18D-A054513E61B4}
		{737DE776-19B8-40BA-9C3C-FE9CAB0D4D0C} = {A06D1722-93C1-40F3-A18D-A054513E61B4}
		{E721CF9D-9EF9-4AFE-9398-43C9447C038D} = {A06D1722-93C1-40F3-A18D-A054513E61B4}
		{B7FD1B97-0D19-4034-8DCA-584A23F991E9} = {180EA7CA-4B41-432C-85C7-D16547B46924}
		{117BCF79-9014-423F-A717-F950526729B4} = {180EA7CA-4B41-432C-85C7-D16547B46924}
		{91105217-5D3F-44D1-888C-0C3C93DBF4F7} = {88867216-9439-4B0D-B387-34467C95014A}
		{A571DE4F-67CC-4369-85DA-224EC9949A86} = {91105217-5D3F-44D1-888C-0C3C93DBF4F7}
		{DA1AC715-BF50-4BF7-B124-BB450F0073DB} = {91105217-5D3F-44D1-888C-0C3C93DBF4F7}
	EndGlobalSection
EndGlobal
